
Microsoft Visual Studio Solution File, Format Version 12.00
Project("{FAE04EC0-301F-11D3-BF4B-00C04F79EFBC}") = "HotelUp.Kitchen.API", "Src\HotelUp.Kitchen.API\HotelUp.Kitchen.API.csproj", "{5645387A-DAC6-44B5-925C-2189648B4EF0}"
EndProject
Project("{FAE04EC0-301F-11D3-BF4B-00C04F79EFBC}") = "HotelUp.Kitchen.Services", "Src\HotelUp.Kitchen.Services\HotelUp.Kitchen.Services.csproj", "{0C3422E2-D15C-4700-8A67-94AEA465E4D3}"
EndProject
Project("{FAE04EC0-301F-11D3-BF4B-00C04F79EFBC}") = "HotelUp.Kitchen.Persistence", "Src\HotelUp.Kitchen.Persistence\HotelUp.Kitchen.Persistence.csproj", "{8E744980-7F44-4401-918B-150A8A85095F}"
EndProject
Project("{2150E333-8FDC-42A3-9474-1A3956D46DE8}") = "Src", "Src", "{8DBCFB19-EF7C-41DB-B3FA-E9817D64BC8D}"
EndProject
Project("{2150E333-8FDC-42A3-9474-1A3956D46DE8}") = "Shared", "Shared", "{42829C21-AAC2-4247-8334-7BCE4FD40E69}"
EndProject
Project("{FAE04EC0-301F-11D3-BF4B-00C04F79EFBC}") = "HotelUp.Kitchen.Shared", "Shared\HotelUp.Kitchen.Shared\HotelUp.Kitchen.Shared.csproj", "{5146A70B-598B-4E5E-BECE-72DB1AB6ADFE}"
EndProject
Project("{2150E333-8FDC-42A3-9474-1A3956D46DE8}") = "Tests", "Tests", "{0C6EDD38-A393-4F4B-BDD9-3767860380A0}"
EndProject
Project("{FAE04EC0-301F-11D3-BF4B-00C04F79EFBC}") = "HotelUp.Kitchen.Tests.Unit", "Tests\HotelUp.Kitchen.Tests.Unit\HotelUp.Kitchen.Tests.Unit.csproj", "{5F7985B9-AED3-4235-87CF-67D21FF22F1F}"
EndProject
Project("{FAE04EC0-301F-11D3-BF4B-00C04F79EFBC}") = "HotelUp.Kitchen.Tests.Integration", "Tests\HotelUp.Kitchen.Tests.Integration\HotelUp.Kitchen.Tests.Integration.csproj", "{C910A198-FF93-44B0-8BC0-6366FEE11093}"
EndProject
Global
	GlobalSection(SolutionConfigurationPlatforms) = preSolution
		Debug|Any CPU = Debug|Any CPU
		Release|Any CPU = Release|Any CPU
	EndGlobalSection
	GlobalSection(ProjectConfigurationPlatforms) = postSolution
		{5645387A-DAC6-44B5-925C-2189648B4EF0}.Debug|Any CPU.ActiveCfg = Debug|Any CPU
		{5645387A-DAC6-44B5-925C-2189648B4EF0}.Debug|Any CPU.Build.0 = Debug|Any CPU
		{5645387A-DAC6-44B5-925C-2189648B4EF0}.Release|Any CPU.ActiveCfg = Release|Any CPU
		{5645387A-DAC6-44B5-925C-2189648B4EF0}.Release|Any CPU.Build.0 = Release|Any CPU
		{0C3422E2-D15C-4700-8A67-94AEA465E4D3}.Debug|Any CPU.ActiveCfg = Debug|Any CPU
		{0C3422E2-D15C-4700-8A67-94AEA465E4D3}.Debug|Any CPU.Build.0 = Debug|Any CPU
		{0C3422E2-D15C-4700-8A67-94AEA465E4D3}.Release|Any CPU.ActiveCfg = Release|Any CPU
		{0C3422E2-D15C-4700-8A67-94AEA465E4D3}.Release|Any CPU.Build.0 = Release|Any CPU
		{8E744980-7F44-4401-918B-150A8A85095F}.Debug|Any CPU.ActiveCfg = Debug|Any CPU
		{8E744980-7F44-4401-918B-150A8A85095F}.Debug|Any CPU.Build.0 = Debug|Any CPU
		{8E744980-7F44-4401-918B-150A8A85095F}.Release|Any CPU.ActiveCfg = Release|Any CPU
		{8E744980-7F44-4401-918B-150A8A85095F}.Release|Any CPU.Build.0 = Release|Any CPU
		{5146A70B-598B-4E5E-BECE-72DB1AB6ADFE}.Debug|Any CPU.ActiveCfg = Debug|Any CPU
		{5146A70B-598B-4E5E-BECE-72DB1AB6ADFE}.Debug|Any CPU.Build.0 = Debug|Any CPU
		{5146A70B-598B-4E5E-BECE-72DB1AB6ADFE}.Release|Any CPU.ActiveCfg = Release|Any CPU
		{5146A70B-598B-4E5E-BECE-72DB1AB6ADFE}.Release|Any CPU.Build.0 = Release|Any CPU
		{5F7985B9-AED3-4235-87CF-67D21FF22F1F}.Debug|Any CPU.ActiveCfg = Debug|Any CPU
		{5F7985B9-AED3-4235-87CF-67D21FF22F1F}.Debug|Any CPU.Build.0 = Debug|Any CPU
		{5F7985B9-AED3-4235-87CF-67D21FF22F1F}.Release|Any CPU.ActiveCfg = Release|Any CPU
		{5F7985B9-AED3-4235-87CF-67D21FF22F1F}.Release|Any CPU.Build.0 = Release|Any CPU
		{C910A198-FF93-44B0-8BC0-6366FEE11093}.Debug|Any CPU.ActiveCfg = Debug|Any CPU
		{C910A198-FF93-44B0-8BC0-6366FEE11093}.Debug|Any CPU.Build.0 = Debug|Any CPU
		{C910A198-FF93-44B0-8BC0-6366FEE11093}.Release|Any CPU.ActiveCfg = Release|Any CPU
		{C910A198-FF93-44B0-8BC0-6366FEE11093}.Release|Any CPU.Build.0 = Release|Any CPU
	EndGlobalSection
	GlobalSection(NestedProjects) = preSolution
		{5645387A-DAC6-44B5-925C-2189648B4EF0} = {8DBCFB19-EF7C-41DB-B3FA-E9817D64BC8D}
		{8E744980-7F44-4401-918B-150A8A85095F} = {8DBCFB19-EF7C-41DB-B3FA-E9817D64BC8D}
		{0C3422E2-D15C-4700-8A67-94AEA465E4D3} = {8DBCFB19-EF7C-41DB-B3FA-E9817D64BC8D}
		{5146A70B-598B-4E5E-BECE-72DB1AB6ADFE} = {42829C21-AAC2-4247-8334-7BCE4FD40E69}
		{5F7985B9-AED3-4235-87CF-67D21FF22F1F} = {0C6EDD38-A393-4F4B-BDD9-3767860380A0}
		{C910A198-FF93-44B0-8BC0-6366FEE11093} = {0C6EDD38-A393-4F4B-BDD9-3767860380A0}
	EndGlobalSection
EndGlobal
